// !$*UTF8*$!
{
	archiveVersion = 1;
	classes = {
	};
	objectVersion = 46;
	objects = {

/* Begin PBXBuildFile section */
		C389D3AD1D11DAD500BB1E5B /* Bind.swift in Sources */ = {isa = PBXBuildFile; fileRef = C389D3AC1D11DAD500BB1E5B /* Bind.swift */; };
		C389D3AF1D11E4FE00BB1E5B /* Binds.swift in Sources */ = {isa = PBXBuildFile; fileRef = C389D3AE1D11E4FE00BB1E5B /* Binds.swift */; };
		C389D3B11D11EB2500BB1E5B /* Fields.swift in Sources */ = {isa = PBXBuildFile; fileRef = C389D3B01D11EB2500BB1E5B /* Fields.swift */; };
		C389D3B31D11EB2D00BB1E5B /* Field.swift in Sources */ = {isa = PBXBuildFile; fileRef = C389D3B21D11EB2D00BB1E5B /* Field.swift */; };
		C389D3B51D11EB5500BB1E5B /* Value.swift in Sources */ = {isa = PBXBuildFile; fileRef = C389D3B41D11EB5500BB1E5B /* Value.swift */; };
		C389D3B71D11EB7600BB1E5B /* Field+Variant.swift in Sources */ = {isa = PBXBuildFile; fileRef = C389D3B61D11EB7600BB1E5B /* Field+Variant.swift */; };
		C389D3B91D11EE4000BB1E5B /* Bind+Value.swift in Sources */ = {isa = PBXBuildFile; fileRef = C389D3B81D11EE4000BB1E5B /* Bind+Value.swift */; };
		_LinkFileRef_C7_via_Fluent /* C7.framework in Frameworks */ = {isa = PBXBuildFile; fileRef = "_____Product_C7" /* C7.framework */; };
		_LinkFileRef_C7_via_FluentMySQL /* C7.framework in Frameworks */ = {isa = PBXBuildFile; fileRef = "_____Product_C7" /* C7.framework */; };
		_LinkFileRef_C7_via_FluentMySQLTestSuite /* C7.framework in Frameworks */ = {isa = PBXBuildFile; fileRef = "_____Product_C7" /* C7.framework */; };
		_LinkFileRef_C7_via_MySQL /* C7.framework in Frameworks */ = {isa = PBXBuildFile; fileRef = "_____Product_C7" /* C7.framework */; };
		_LinkFileRef_C7_via_Polymorphic /* C7.framework in Frameworks */ = {isa = PBXBuildFile; fileRef = "_____Product_C7" /* C7.framework */; };
		_LinkFileRef_FluentMySQL_via_FluentMySQLTestSuite /* FluentMySQL.framework in Frameworks */ = {isa = PBXBuildFile; fileRef = "_____Product_FluentMySQL" /* FluentMySQL.framework */; };
		_LinkFileRef_Fluent_via_FluentMySQL /* Fluent.framework in Frameworks */ = {isa = PBXBuildFile; fileRef = "_____Product_Fluent" /* Fluent.framework */; };
		_LinkFileRef_Fluent_via_FluentMySQLTestSuite /* Fluent.framework in Frameworks */ = {isa = PBXBuildFile; fileRef = "_____Product_Fluent" /* Fluent.framework */; };
		_LinkFileRef_Fluent_via_MySQL /* Fluent.framework in Frameworks */ = {isa = PBXBuildFile; fileRef = "_____Product_Fluent" /* Fluent.framework */; };
		_LinkFileRef_MySQL_via_FluentMySQL /* MySQL.framework in Frameworks */ = {isa = PBXBuildFile; fileRef = "_____Product_MySQL" /* MySQL.framework */; };
		_LinkFileRef_MySQL_via_FluentMySQLTestSuite /* MySQL.framework in Frameworks */ = {isa = PBXBuildFile; fileRef = "_____Product_MySQL" /* MySQL.framework */; };
		_LinkFileRef_Polymorphic_via_Fluent /* Polymorphic.framework in Frameworks */ = {isa = PBXBuildFile; fileRef = "_____Product_Polymorphic" /* Polymorphic.framework */; };
		_LinkFileRef_Polymorphic_via_FluentMySQL /* Polymorphic.framework in Frameworks */ = {isa = PBXBuildFile; fileRef = "_____Product_Polymorphic" /* Polymorphic.framework */; };
		_LinkFileRef_Polymorphic_via_FluentMySQLTestSuite /* Polymorphic.framework in Frameworks */ = {isa = PBXBuildFile; fileRef = "_____Product_Polymorphic" /* Polymorphic.framework */; };
		_LinkFileRef_Polymorphic_via_MySQL /* Polymorphic.framework in Frameworks */ = {isa = PBXBuildFile; fileRef = "_____Product_Polymorphic" /* Polymorphic.framework */; };
		_LinkFileRef_libc_via_FluentMySQL /* libc.framework in Frameworks */ = {isa = PBXBuildFile; fileRef = "_____Product_libc" /* libc.framework */; };
		_LinkFileRef_libc_via_FluentMySQLTestSuite /* libc.framework in Frameworks */ = {isa = PBXBuildFile; fileRef = "_____Product_libc" /* libc.framework */; };
		_LinkFileRef_libc_via_MySQL /* libc.framework in Frameworks */ = {isa = PBXBuildFile; fileRef = "_____Product_libc" /* libc.framework */; };
		"__src_cc_ref_Packages/C7-0.9.0/Sources/AsyncConnection.swift" /* AsyncConnection.swift in Sources */ = {isa = PBXBuildFile; fileRef = "__PBXFileRef_Packages/C7-0.9.0/Sources/AsyncConnection.swift" /* AsyncConnection.swift */; };
		"__src_cc_ref_Packages/C7-0.9.0/Sources/AsyncDrain.swift" /* AsyncDrain.swift in Sources */ = {isa = PBXBuildFile; fileRef = "__PBXFileRef_Packages/C7-0.9.0/Sources/AsyncDrain.swift" /* AsyncDrain.swift */; };
		"__src_cc_ref_Packages/C7-0.9.0/Sources/AsyncHost.swift" /* AsyncHost.swift in Sources */ = {isa = PBXBuildFile; fileRef = "__PBXFileRef_Packages/C7-0.9.0/Sources/AsyncHost.swift" /* AsyncHost.swift */; };
		"__src_cc_ref_Packages/C7-0.9.0/Sources/AsyncStream.swift" /* AsyncStream.swift in Sources */ = {isa = PBXBuildFile; fileRef = "__PBXFileRef_Packages/C7-0.9.0/Sources/AsyncStream.swift" /* AsyncStream.swift */; };
		"__src_cc_ref_Packages/C7-0.9.0/Sources/AsyncURIConnection.swift" /* AsyncURIConnection.swift in Sources */ = {isa = PBXBuildFile; fileRef = "__PBXFileRef_Packages/C7-0.9.0/Sources/AsyncURIConnection.swift" /* AsyncURIConnection.swift */; };
		"__src_cc_ref_Packages/C7-0.9.0/Sources/Byte.swift" /* Byte.swift in Sources */ = {isa = PBXBuildFile; fileRef = "__PBXFileRef_Packages/C7-0.9.0/Sources/Byte.swift" /* Byte.swift */; };
		"__src_cc_ref_Packages/C7-0.9.0/Sources/C7.swift" /* C7.swift in Sources */ = {isa = PBXBuildFile; fileRef = "__PBXFileRef_Packages/C7-0.9.0/Sources/C7.swift" /* C7.swift */; };
		"__src_cc_ref_Packages/C7-0.9.0/Sources/CaseInsensitiveString.swift" /* CaseInsensitiveString.swift in Sources */ = {isa = PBXBuildFile; fileRef = "__PBXFileRef_Packages/C7-0.9.0/Sources/CaseInsensitiveString.swift" /* CaseInsensitiveString.swift */; };
		"__src_cc_ref_Packages/C7-0.9.0/Sources/Closable.swift" /* Closable.swift in Sources */ = {isa = PBXBuildFile; fileRef = "__PBXFileRef_Packages/C7-0.9.0/Sources/Closable.swift" /* Closable.swift */; };
		"__src_cc_ref_Packages/C7-0.9.0/Sources/Connection.swift" /* Connection.swift in Sources */ = {isa = PBXBuildFile; fileRef = "__PBXFileRef_Packages/C7-0.9.0/Sources/Connection.swift" /* Connection.swift */; };
		"__src_cc_ref_Packages/C7-0.9.0/Sources/CustomDataStore.swift" /* CustomDataStore.swift in Sources */ = {isa = PBXBuildFile; fileRef = "__PBXFileRef_Packages/C7-0.9.0/Sources/CustomDataStore.swift" /* CustomDataStore.swift */; };
		"__src_cc_ref_Packages/C7-0.9.0/Sources/Data.swift" /* Data.swift in Sources */ = {isa = PBXBuildFile; fileRef = "__PBXFileRef_Packages/C7-0.9.0/Sources/Data.swift" /* Data.swift */; };
		"__src_cc_ref_Packages/C7-0.9.0/Sources/Drain.swift" /* Drain.swift in Sources */ = {isa = PBXBuildFile; fileRef = "__PBXFileRef_Packages/C7-0.9.0/Sources/Drain.swift" /* Drain.swift */; };
		"__src_cc_ref_Packages/C7-0.9.0/Sources/Host.swift" /* Host.swift in Sources */ = {isa = PBXBuildFile; fileRef = "__PBXFileRef_Packages/C7-0.9.0/Sources/Host.swift" /* Host.swift */; };
		"__src_cc_ref_Packages/C7-0.9.0/Sources/JSON.swift" /* JSON.swift in Sources */ = {isa = PBXBuildFile; fileRef = "__PBXFileRef_Packages/C7-0.9.0/Sources/JSON.swift" /* JSON.swift */; };
		"__src_cc_ref_Packages/C7-0.9.0/Sources/Number.swift" /* Number.swift in Sources */ = {isa = PBXBuildFile; fileRef = "__PBXFileRef_Packages/C7-0.9.0/Sources/Number.swift" /* Number.swift */; };
		"__src_cc_ref_Packages/C7-0.9.0/Sources/Stream.swift" /* Stream.swift in Sources */ = {isa = PBXBuildFile; fileRef = "__PBXFileRef_Packages/C7-0.9.0/Sources/Stream.swift" /* Stream.swift */; };
		"__src_cc_ref_Packages/C7-0.9.0/Sources/StreamError.swift" /* StreamError.swift in Sources */ = {isa = PBXBuildFile; fileRef = "__PBXFileRef_Packages/C7-0.9.0/Sources/StreamError.swift" /* StreamError.swift */; };
		"__src_cc_ref_Packages/C7-0.9.0/Sources/StreamSequence.swift" /* StreamSequence.swift in Sources */ = {isa = PBXBuildFile; fileRef = "__PBXFileRef_Packages/C7-0.9.0/Sources/StreamSequence.swift" /* StreamSequence.swift */; };
		"__src_cc_ref_Packages/C7-0.9.0/Sources/StructuredData.swift" /* StructuredData.swift in Sources */ = {isa = PBXBuildFile; fileRef = "__PBXFileRef_Packages/C7-0.9.0/Sources/StructuredData.swift" /* StructuredData.swift */; };
		"__src_cc_ref_Packages/C7-0.9.0/Sources/Time.swift" /* Time.swift in Sources */ = {isa = PBXBuildFile; fileRef = "__PBXFileRef_Packages/C7-0.9.0/Sources/Time.swift" /* Time.swift */; };
		"__src_cc_ref_Packages/C7-0.9.0/Sources/URI.swift" /* URI.swift in Sources */ = {isa = PBXBuildFile; fileRef = "__PBXFileRef_Packages/C7-0.9.0/Sources/URI.swift" /* URI.swift */; };
		"__src_cc_ref_Packages/C7-0.9.0/Sources/URIConnection.swift" /* URIConnection.swift in Sources */ = {isa = PBXBuildFile; fileRef = "__PBXFileRef_Packages/C7-0.9.0/Sources/URIConnection.swift" /* URIConnection.swift */; };
		"__src_cc_ref_Packages/Fluent-0.6.0/Sources/Action.swift" /* Action.swift in Sources */ = {isa = PBXBuildFile; fileRef = "__PBXFileRef_Packages/Fluent-0.6.0/Sources/Action.swift" /* Action.swift */; };
		"__src_cc_ref_Packages/Fluent-0.6.0/Sources/Comparison.swift" /* Comparison.swift in Sources */ = {isa = PBXBuildFile; fileRef = "__PBXFileRef_Packages/Fluent-0.6.0/Sources/Comparison.swift" /* Comparison.swift */; };
		"__src_cc_ref_Packages/Fluent-0.6.0/Sources/Database.swift" /* Database.swift in Sources */ = {isa = PBXBuildFile; fileRef = "__PBXFileRef_Packages/Fluent-0.6.0/Sources/Database.swift" /* Database.swift */; };
		"__src_cc_ref_Packages/Fluent-0.6.0/Sources/Driver.swift" /* Driver.swift in Sources */ = {isa = PBXBuildFile; fileRef = "__PBXFileRef_Packages/Fluent-0.6.0/Sources/Driver.swift" /* Driver.swift */; };
		"__src_cc_ref_Packages/Fluent-0.6.0/Sources/Filter.swift" /* Filter.swift in Sources */ = {isa = PBXBuildFile; fileRef = "__PBXFileRef_Packages/Fluent-0.6.0/Sources/Filter.swift" /* Filter.swift */; };
		"__src_cc_ref_Packages/Fluent-0.6.0/Sources/Fluent+C7.swift" /* Fluent+C7.swift in Sources */ = {isa = PBXBuildFile; fileRef = "__PBXFileRef_Packages/Fluent-0.6.0/Sources/Fluent+C7.swift" /* Fluent+C7.swift */; };
		"__src_cc_ref_Packages/Fluent-0.6.0/Sources/Fluent+Polymorphic.swift" /* Fluent+Polymorphic.swift in Sources */ = {isa = PBXBuildFile; fileRef = "__PBXFileRef_Packages/Fluent-0.6.0/Sources/Fluent+Polymorphic.swift" /* Fluent+Polymorphic.swift */; };
		"__src_cc_ref_Packages/Fluent-0.6.0/Sources/Helper.swift" /* Helper.swift in Sources */ = {isa = PBXBuildFile; fileRef = "__PBXFileRef_Packages/Fluent-0.6.0/Sources/Helper.swift" /* Helper.swift */; };
		"__src_cc_ref_Packages/Fluent-0.6.0/Sources/Limit.swift" /* Limit.swift in Sources */ = {isa = PBXBuildFile; fileRef = "__PBXFileRef_Packages/Fluent-0.6.0/Sources/Limit.swift" /* Limit.swift */; };
		"__src_cc_ref_Packages/Fluent-0.6.0/Sources/Model.swift" /* Model.swift in Sources */ = {isa = PBXBuildFile; fileRef = "__PBXFileRef_Packages/Fluent-0.6.0/Sources/Model.swift" /* Model.swift */; };
		"__src_cc_ref_Packages/Fluent-0.6.0/Sources/PrintDriver.swift" /* PrintDriver.swift in Sources */ = {isa = PBXBuildFile; fileRef = "__PBXFileRef_Packages/Fluent-0.6.0/Sources/PrintDriver.swift" /* PrintDriver.swift */; };
		"__src_cc_ref_Packages/Fluent-0.6.0/Sources/Query.swift" /* Query.swift in Sources */ = {isa = PBXBuildFile; fileRef = "__PBXFileRef_Packages/Fluent-0.6.0/Sources/Query.swift" /* Query.swift */; };
		"__src_cc_ref_Packages/Fluent-0.6.0/Sources/SQL.swift" /* SQL.swift in Sources */ = {isa = PBXBuildFile; fileRef = "__PBXFileRef_Packages/Fluent-0.6.0/Sources/SQL.swift" /* SQL.swift */; };
		"__src_cc_ref_Packages/Fluent-0.6.0/Sources/Scope.swift" /* Scope.swift in Sources */ = {isa = PBXBuildFile; fileRef = "__PBXFileRef_Packages/Fluent-0.6.0/Sources/Scope.swift" /* Scope.swift */; };
		"__src_cc_ref_Packages/Fluent-0.6.0/Sources/Value+Polymorphic.swift" /* Value+Polymorphic.swift in Sources */ = {isa = PBXBuildFile; fileRef = "__PBXFileRef_Packages/Fluent-0.6.0/Sources/Value+Polymorphic.swift" /* Value+Polymorphic.swift */; };
		"__src_cc_ref_Packages/Fluent-0.6.0/Sources/Value.swift" /* Value.swift in Sources */ = {isa = PBXBuildFile; fileRef = "__PBXFileRef_Packages/Fluent-0.6.0/Sources/Value.swift" /* Value.swift */; };
		"__src_cc_ref_Packages/Polymorphic-0.2.0/Sources/Polymorphic+C7.swift" /* Polymorphic+C7.swift in Sources */ = {isa = PBXBuildFile; fileRef = "__PBXFileRef_Packages/Polymorphic-0.2.0/Sources/Polymorphic+C7.swift" /* Polymorphic+C7.swift */; };
		"__src_cc_ref_Packages/Polymorphic-0.2.0/Sources/Polymorphic.swift" /* Polymorphic.swift in Sources */ = {isa = PBXBuildFile; fileRef = "__PBXFileRef_Packages/Polymorphic-0.2.0/Sources/Polymorphic.swift" /* Polymorphic.swift */; };
		"__src_cc_ref_Packages/Polymorphic-0.2.0/Sources/String+Polymorphic.swift" /* String+Polymorphic.swift in Sources */ = {isa = PBXBuildFile; fileRef = "__PBXFileRef_Packages/Polymorphic-0.2.0/Sources/String+Polymorphic.swift" /* String+Polymorphic.swift */; };
		"__src_cc_ref_Packages/Polymorphic-0.2.0/Sources/StructuredData+Polymorphic.swift" /* StructuredData+Polymorphic.swift in Sources */ = {isa = PBXBuildFile; fileRef = "__PBXFileRef_Packages/Polymorphic-0.2.0/Sources/StructuredData+Polymorphic.swift" /* StructuredData+Polymorphic.swift */; };
		"__src_cc_ref_Packages/libc-0.1.0/Sources/libc.swift" /* libc.swift in Sources */ = {isa = PBXBuildFile; fileRef = "__PBXFileRef_Packages/libc-0.1.0/Sources/libc.swift" /* libc.swift */; };
		__src_cc_ref_Sources/FluentMySQL/MySQLDriver.swift /* MySQLDriver.swift in Sources */ = {isa = PBXBuildFile; fileRef = __PBXFileRef_Sources/FluentMySQL/MySQLDriver.swift /* MySQLDriver.swift */; };
		__src_cc_ref_Sources/MySQL/MySQL.swift /* Database.swift in Sources */ = {isa = PBXBuildFile; fileRef = __PBXFileRef_Sources/MySQL/MySQL.swift /* Database.swift */; };
		__src_cc_ref_Tests/FluentMySQL/MySQLDriverTests.swift /* MySQLDriverTests.swift in Sources */ = {isa = PBXBuildFile; fileRef = __PBXFileRef_Tests/FluentMySQL/MySQLDriverTests.swift /* MySQLDriverTests.swift */; };
		__src_cc_ref_Tests/FluentMySQL/MySQLTests.swift /* MySQLTests.swift in Sources */ = {isa = PBXBuildFile; fileRef = __PBXFileRef_Tests/FluentMySQL/MySQLTests.swift /* MySQLTests.swift */; };
		__src_cc_ref_Tests/FluentMySQL/Utilities.swift /* Utilities.swift in Sources */ = {isa = PBXBuildFile; fileRef = __PBXFileRef_Tests/FluentMySQL/Utilities.swift /* Utilities.swift */; };
/* End PBXBuildFile section */

/* Begin PBXContainerItemProxy section */
		C389D3A61D11DA2600BB1E5B /* PBXContainerItemProxy */ = {
			isa = PBXContainerItemProxy;
			containerPortal = __RootObject_ /* Project object */;
			proxyType = 1;
			remoteGlobalIDString = "______Target_C7";
			remoteInfo = C7;
		};
		C389D3A71D11DA2600BB1E5B /* PBXContainerItemProxy */ = {
			isa = PBXContainerItemProxy;
			containerPortal = __RootObject_ /* Project object */;
			proxyType = 1;
			remoteGlobalIDString = "______Target_Polymorphic";
			remoteInfo = Polymorphic;
		};
		C389D3A81D11DA2600BB1E5B /* PBXContainerItemProxy */ = {
			isa = PBXContainerItemProxy;
			containerPortal = __RootObject_ /* Project object */;
			proxyType = 1;
			remoteGlobalIDString = "______Target_libc";
			remoteInfo = libc;
		};
		C389D3A91D11DA2600BB1E5B /* PBXContainerItemProxy */ = {
			isa = PBXContainerItemProxy;
			containerPortal = __RootObject_ /* Project object */;
			proxyType = 1;
			remoteGlobalIDString = "______Target_Fluent";
			remoteInfo = Fluent;
		};
		C389D3AA1D11DA2600BB1E5B /* PBXContainerItemProxy */ = {
			isa = PBXContainerItemProxy;
			containerPortal = __RootObject_ /* Project object */;
			proxyType = 1;
			remoteGlobalIDString = "______Target_MySQL";
			remoteInfo = MySQL;
		};
		C389D3AB1D11DA2600BB1E5B /* PBXContainerItemProxy */ = {
			isa = PBXContainerItemProxy;
			containerPortal = __RootObject_ /* Project object */;
			proxyType = 1;
			remoteGlobalIDString = "______Target_FluentMySQL";
			remoteInfo = FluentMySQL;
		};
/* End PBXContainerItemProxy section */

/* Begin PBXFileReference section */
		C389D3AC1D11DAD500BB1E5B /* Bind.swift */ = {isa = PBXFileReference; fileEncoding = 4; lastKnownFileType = sourcecode.swift; path = Bind.swift; sourceTree = "<group>"; };
		C389D3AE1D11E4FE00BB1E5B /* Binds.swift */ = {isa = PBXFileReference; fileEncoding = 4; lastKnownFileType = sourcecode.swift; path = Binds.swift; sourceTree = "<group>"; };
		C389D3B01D11EB2500BB1E5B /* Fields.swift */ = {isa = PBXFileReference; fileEncoding = 4; lastKnownFileType = sourcecode.swift; path = Fields.swift; sourceTree = "<group>"; };
		C389D3B21D11EB2D00BB1E5B /* Field.swift */ = {isa = PBXFileReference; fileEncoding = 4; lastKnownFileType = sourcecode.swift; path = Field.swift; sourceTree = "<group>"; };
		C389D3B41D11EB5500BB1E5B /* Value.swift */ = {isa = PBXFileReference; fileEncoding = 4; lastKnownFileType = sourcecode.swift; path = Value.swift; sourceTree = "<group>"; };
		C389D3B61D11EB7600BB1E5B /* Field+Variant.swift */ = {isa = PBXFileReference; fileEncoding = 4; lastKnownFileType = sourcecode.swift; path = "Field+Variant.swift"; sourceTree = "<group>"; };
		C389D3B81D11EE4000BB1E5B /* Bind+Value.swift */ = {isa = PBXFileReference; fileEncoding = 4; lastKnownFileType = sourcecode.swift; path = "Bind+Value.swift"; sourceTree = "<group>"; };
		__PBXFileRef_C7_Info.plist /* C7_Info.plist */ = {isa = PBXFileReference; lastKnownFileType = text.plist.xml; name = C7_Info.plist; path = FluentMySQL.xcodeproj/C7_Info.plist; sourceTree = SOURCE_ROOT; };
		__PBXFileRef_FluentMySQL.xcodeproj/Configs/Project.xcconfig /* Project.xcconfig */ = {isa = PBXFileReference; lastKnownFileType = text.xcconfig; name = Project.xcconfig; path = FluentMySQL.xcodeproj/Configs/Project.xcconfig; sourceTree = "<group>"; };
		__PBXFileRef_FluentMySQLTestSuite_Info.plist /* FluentMySQLTestSuite_Info.plist */ = {isa = PBXFileReference; lastKnownFileType = text.plist.xml; name = FluentMySQLTestSuite_Info.plist; path = FluentMySQL.xcodeproj/FluentMySQLTestSuite_Info.plist; sourceTree = SOURCE_ROOT; };
		__PBXFileRef_FluentMySQL_Info.plist /* FluentMySQL_Info.plist */ = {isa = PBXFileReference; lastKnownFileType = text.plist.xml; name = FluentMySQL_Info.plist; path = FluentMySQL.xcodeproj/FluentMySQL_Info.plist; sourceTree = SOURCE_ROOT; };
		__PBXFileRef_Fluent_Info.plist /* Fluent_Info.plist */ = {isa = PBXFileReference; lastKnownFileType = text.plist.xml; name = Fluent_Info.plist; path = FluentMySQL.xcodeproj/Fluent_Info.plist; sourceTree = SOURCE_ROOT; };
		__PBXFileRef_MySQL_Info.plist /* MySQL_Info.plist */ = {isa = PBXFileReference; lastKnownFileType = text.plist.xml; name = MySQL_Info.plist; path = FluentMySQL.xcodeproj/MySQL_Info.plist; sourceTree = SOURCE_ROOT; };
		__PBXFileRef_Package.swift /* Package.swift */ = {isa = PBXFileReference; lastKnownFileType = sourcecode.swift; path = Package.swift; sourceTree = "<group>"; };
		"__PBXFileRef_Packages/C7-0.9.0/Sources/AsyncConnection.swift" /* AsyncConnection.swift */ = {isa = PBXFileReference; lastKnownFileType = sourcecode.swift; path = AsyncConnection.swift; sourceTree = "<group>"; };
		"__PBXFileRef_Packages/C7-0.9.0/Sources/AsyncDrain.swift" /* AsyncDrain.swift */ = {isa = PBXFileReference; lastKnownFileType = sourcecode.swift; path = AsyncDrain.swift; sourceTree = "<group>"; };
		"__PBXFileRef_Packages/C7-0.9.0/Sources/AsyncHost.swift" /* AsyncHost.swift */ = {isa = PBXFileReference; lastKnownFileType = sourcecode.swift; path = AsyncHost.swift; sourceTree = "<group>"; };
		"__PBXFileRef_Packages/C7-0.9.0/Sources/AsyncStream.swift" /* AsyncStream.swift */ = {isa = PBXFileReference; lastKnownFileType = sourcecode.swift; path = AsyncStream.swift; sourceTree = "<group>"; };
		"__PBXFileRef_Packages/C7-0.9.0/Sources/AsyncURIConnection.swift" /* AsyncURIConnection.swift */ = {isa = PBXFileReference; lastKnownFileType = sourcecode.swift; path = AsyncURIConnection.swift; sourceTree = "<group>"; };
		"__PBXFileRef_Packages/C7-0.9.0/Sources/Byte.swift" /* Byte.swift */ = {isa = PBXFileReference; lastKnownFileType = sourcecode.swift; path = Byte.swift; sourceTree = "<group>"; };
		"__PBXFileRef_Packages/C7-0.9.0/Sources/C7.swift" /* C7.swift */ = {isa = PBXFileReference; lastKnownFileType = sourcecode.swift; path = C7.swift; sourceTree = "<group>"; };
		"__PBXFileRef_Packages/C7-0.9.0/Sources/CaseInsensitiveString.swift" /* CaseInsensitiveString.swift */ = {isa = PBXFileReference; lastKnownFileType = sourcecode.swift; path = CaseInsensitiveString.swift; sourceTree = "<group>"; };
		"__PBXFileRef_Packages/C7-0.9.0/Sources/Closable.swift" /* Closable.swift */ = {isa = PBXFileReference; lastKnownFileType = sourcecode.swift; path = Closable.swift; sourceTree = "<group>"; };
		"__PBXFileRef_Packages/C7-0.9.0/Sources/Connection.swift" /* Connection.swift */ = {isa = PBXFileReference; lastKnownFileType = sourcecode.swift; path = Connection.swift; sourceTree = "<group>"; };
		"__PBXFileRef_Packages/C7-0.9.0/Sources/CustomDataStore.swift" /* CustomDataStore.swift */ = {isa = PBXFileReference; lastKnownFileType = sourcecode.swift; path = CustomDataStore.swift; sourceTree = "<group>"; };
		"__PBXFileRef_Packages/C7-0.9.0/Sources/Data.swift" /* Data.swift */ = {isa = PBXFileReference; lastKnownFileType = sourcecode.swift; path = Data.swift; sourceTree = "<group>"; };
		"__PBXFileRef_Packages/C7-0.9.0/Sources/Drain.swift" /* Drain.swift */ = {isa = PBXFileReference; lastKnownFileType = sourcecode.swift; path = Drain.swift; sourceTree = "<group>"; };
		"__PBXFileRef_Packages/C7-0.9.0/Sources/Host.swift" /* Host.swift */ = {isa = PBXFileReference; lastKnownFileType = sourcecode.swift; path = Host.swift; sourceTree = "<group>"; };
		"__PBXFileRef_Packages/C7-0.9.0/Sources/JSON.swift" /* JSON.swift */ = {isa = PBXFileReference; lastKnownFileType = sourcecode.swift; path = JSON.swift; sourceTree = "<group>"; };
		"__PBXFileRef_Packages/C7-0.9.0/Sources/Number.swift" /* Number.swift */ = {isa = PBXFileReference; lastKnownFileType = sourcecode.swift; path = Number.swift; sourceTree = "<group>"; };
		"__PBXFileRef_Packages/C7-0.9.0/Sources/Stream.swift" /* Stream.swift */ = {isa = PBXFileReference; lastKnownFileType = sourcecode.swift; path = Stream.swift; sourceTree = "<group>"; };
		"__PBXFileRef_Packages/C7-0.9.0/Sources/StreamError.swift" /* StreamError.swift */ = {isa = PBXFileReference; lastKnownFileType = sourcecode.swift; path = StreamError.swift; sourceTree = "<group>"; };
		"__PBXFileRef_Packages/C7-0.9.0/Sources/StreamSequence.swift" /* StreamSequence.swift */ = {isa = PBXFileReference; lastKnownFileType = sourcecode.swift; path = StreamSequence.swift; sourceTree = "<group>"; };
		"__PBXFileRef_Packages/C7-0.9.0/Sources/StructuredData.swift" /* StructuredData.swift */ = {isa = PBXFileReference; lastKnownFileType = sourcecode.swift; path = StructuredData.swift; sourceTree = "<group>"; };
		"__PBXFileRef_Packages/C7-0.9.0/Sources/Time.swift" /* Time.swift */ = {isa = PBXFileReference; lastKnownFileType = sourcecode.swift; path = Time.swift; sourceTree = "<group>"; };
		"__PBXFileRef_Packages/C7-0.9.0/Sources/URI.swift" /* URI.swift */ = {isa = PBXFileReference; lastKnownFileType = sourcecode.swift; path = URI.swift; sourceTree = "<group>"; };
		"__PBXFileRef_Packages/C7-0.9.0/Sources/URIConnection.swift" /* URIConnection.swift */ = {isa = PBXFileReference; lastKnownFileType = sourcecode.swift; path = URIConnection.swift; sourceTree = "<group>"; };
		"__PBXFileRef_Packages/Fluent-0.6.0/Sources/Action.swift" /* Action.swift */ = {isa = PBXFileReference; lastKnownFileType = sourcecode.swift; path = Action.swift; sourceTree = "<group>"; };
		"__PBXFileRef_Packages/Fluent-0.6.0/Sources/Comparison.swift" /* Comparison.swift */ = {isa = PBXFileReference; lastKnownFileType = sourcecode.swift; path = Comparison.swift; sourceTree = "<group>"; };
		"__PBXFileRef_Packages/Fluent-0.6.0/Sources/Database.swift" /* Database.swift */ = {isa = PBXFileReference; lastKnownFileType = sourcecode.swift; path = Database.swift; sourceTree = "<group>"; };
		"__PBXFileRef_Packages/Fluent-0.6.0/Sources/Driver.swift" /* Driver.swift */ = {isa = PBXFileReference; lastKnownFileType = sourcecode.swift; path = Driver.swift; sourceTree = "<group>"; };
		"__PBXFileRef_Packages/Fluent-0.6.0/Sources/Filter.swift" /* Filter.swift */ = {isa = PBXFileReference; lastKnownFileType = sourcecode.swift; path = Filter.swift; sourceTree = "<group>"; };
		"__PBXFileRef_Packages/Fluent-0.6.0/Sources/Fluent+C7.swift" /* Fluent+C7.swift */ = {isa = PBXFileReference; lastKnownFileType = sourcecode.swift; path = "Fluent+C7.swift"; sourceTree = "<group>"; };
		"__PBXFileRef_Packages/Fluent-0.6.0/Sources/Fluent+Polymorphic.swift" /* Fluent+Polymorphic.swift */ = {isa = PBXFileReference; lastKnownFileType = sourcecode.swift; path = "Fluent+Polymorphic.swift"; sourceTree = "<group>"; };
		"__PBXFileRef_Packages/Fluent-0.6.0/Sources/Helper.swift" /* Helper.swift */ = {isa = PBXFileReference; lastKnownFileType = sourcecode.swift; path = Helper.swift; sourceTree = "<group>"; };
		"__PBXFileRef_Packages/Fluent-0.6.0/Sources/Limit.swift" /* Limit.swift */ = {isa = PBXFileReference; lastKnownFileType = sourcecode.swift; path = Limit.swift; sourceTree = "<group>"; };
		"__PBXFileRef_Packages/Fluent-0.6.0/Sources/Model.swift" /* Model.swift */ = {isa = PBXFileReference; lastKnownFileType = sourcecode.swift; path = Model.swift; sourceTree = "<group>"; };
		"__PBXFileRef_Packages/Fluent-0.6.0/Sources/PrintDriver.swift" /* PrintDriver.swift */ = {isa = PBXFileReference; lastKnownFileType = sourcecode.swift; path = PrintDriver.swift; sourceTree = "<group>"; };
		"__PBXFileRef_Packages/Fluent-0.6.0/Sources/Query.swift" /* Query.swift */ = {isa = PBXFileReference; lastKnownFileType = sourcecode.swift; path = Query.swift; sourceTree = "<group>"; };
		"__PBXFileRef_Packages/Fluent-0.6.0/Sources/SQL.swift" /* SQL.swift */ = {isa = PBXFileReference; lastKnownFileType = sourcecode.swift; path = SQL.swift; sourceTree = "<group>"; };
		"__PBXFileRef_Packages/Fluent-0.6.0/Sources/Scope.swift" /* Scope.swift */ = {isa = PBXFileReference; lastKnownFileType = sourcecode.swift; path = Scope.swift; sourceTree = "<group>"; };
		"__PBXFileRef_Packages/Fluent-0.6.0/Sources/Value+Polymorphic.swift" /* Value+Polymorphic.swift */ = {isa = PBXFileReference; lastKnownFileType = sourcecode.swift; path = "Value+Polymorphic.swift"; sourceTree = "<group>"; };
		"__PBXFileRef_Packages/Fluent-0.6.0/Sources/Value.swift" /* Value.swift */ = {isa = PBXFileReference; lastKnownFileType = sourcecode.swift; path = Value.swift; sourceTree = "<group>"; };
		"__PBXFileRef_Packages/Polymorphic-0.2.0/Sources/Polymorphic+C7.swift" /* Polymorphic+C7.swift */ = {isa = PBXFileReference; lastKnownFileType = sourcecode.swift; path = "Polymorphic+C7.swift"; sourceTree = "<group>"; };
		"__PBXFileRef_Packages/Polymorphic-0.2.0/Sources/Polymorphic.swift" /* Polymorphic.swift */ = {isa = PBXFileReference; lastKnownFileType = sourcecode.swift; path = Polymorphic.swift; sourceTree = "<group>"; };
		"__PBXFileRef_Packages/Polymorphic-0.2.0/Sources/String+Polymorphic.swift" /* String+Polymorphic.swift */ = {isa = PBXFileReference; lastKnownFileType = sourcecode.swift; path = "String+Polymorphic.swift"; sourceTree = "<group>"; };
		"__PBXFileRef_Packages/Polymorphic-0.2.0/Sources/StructuredData+Polymorphic.swift" /* StructuredData+Polymorphic.swift */ = {isa = PBXFileReference; lastKnownFileType = sourcecode.swift; path = "StructuredData+Polymorphic.swift"; sourceTree = "<group>"; };
		"__PBXFileRef_Packages/libc-0.1.0/Sources/libc.swift" /* libc.swift */ = {isa = PBXFileReference; lastKnownFileType = sourcecode.swift; path = libc.swift; sourceTree = "<group>"; };
		__PBXFileRef_Polymorphic_Info.plist /* Polymorphic_Info.plist */ = {isa = PBXFileReference; lastKnownFileType = text.plist.xml; name = Polymorphic_Info.plist; path = FluentMySQL.xcodeproj/Polymorphic_Info.plist; sourceTree = SOURCE_ROOT; };
		__PBXFileRef_Sources/FluentMySQL/MySQLDriver.swift /* MySQLDriver.swift */ = {isa = PBXFileReference; lastKnownFileType = sourcecode.swift; path = MySQLDriver.swift; sourceTree = "<group>"; };
		__PBXFileRef_Sources/MySQL/MySQL.swift /* Database.swift */ = {isa = PBXFileReference; lastKnownFileType = sourcecode.swift; path = Database.swift; sourceTree = "<group>"; };
		__PBXFileRef_Tests/FluentMySQL/MySQLDriverTests.swift /* MySQLDriverTests.swift */ = {isa = PBXFileReference; lastKnownFileType = sourcecode.swift; path = MySQLDriverTests.swift; sourceTree = "<group>"; };
		__PBXFileRef_Tests/FluentMySQL/MySQLTests.swift /* MySQLTests.swift */ = {isa = PBXFileReference; lastKnownFileType = sourcecode.swift; path = MySQLTests.swift; sourceTree = "<group>"; };
		__PBXFileRef_Tests/FluentMySQL/Utilities.swift /* Utilities.swift */ = {isa = PBXFileReference; lastKnownFileType = sourcecode.swift; path = Utilities.swift; sourceTree = "<group>"; };
		__PBXFileRef_libc_Info.plist /* libc_Info.plist */ = {isa = PBXFileReference; lastKnownFileType = text.plist.xml; name = libc_Info.plist; path = FluentMySQL.xcodeproj/libc_Info.plist; sourceTree = SOURCE_ROOT; };
		"_____Product_C7" /* C7.framework */ = {isa = PBXFileReference; explicitFileType = wrapper.framework; path = C7.framework; sourceTree = BUILT_PRODUCTS_DIR; };
		"_____Product_Fluent" /* Fluent.framework */ = {isa = PBXFileReference; explicitFileType = wrapper.framework; path = Fluent.framework; sourceTree = BUILT_PRODUCTS_DIR; };
		"_____Product_FluentMySQL" /* FluentMySQL.framework */ = {isa = PBXFileReference; explicitFileType = wrapper.framework; path = FluentMySQL.framework; sourceTree = BUILT_PRODUCTS_DIR; };
		"_____Product_FluentMySQLTestSuite" /* FluentMySQLTestSuite.xctest */ = {isa = PBXFileReference; explicitFileType = wrapper.cfbundle; path = FluentMySQLTestSuite.xctest; sourceTree = BUILT_PRODUCTS_DIR; };
		"_____Product_MySQL" /* MySQL.framework */ = {isa = PBXFileReference; explicitFileType = wrapper.framework; path = MySQL.framework; sourceTree = BUILT_PRODUCTS_DIR; };
		"_____Product_Polymorphic" /* Polymorphic.framework */ = {isa = PBXFileReference; explicitFileType = wrapper.framework; path = Polymorphic.framework; sourceTree = BUILT_PRODUCTS_DIR; };
		"_____Product_libc" /* libc.framework */ = {isa = PBXFileReference; explicitFileType = wrapper.framework; path = libc.framework; sourceTree = BUILT_PRODUCTS_DIR; };
/* End PBXFileReference section */

/* Begin PBXFrameworksBuildPhase section */
		"___LinkPhase_C7" /* Frameworks */ = {
			isa = PBXFrameworksBuildPhase;
			buildActionMask = 0;
			files = (
			);
			runOnlyForDeploymentPostprocessing = 0;
		};
		"___LinkPhase_Fluent" /* Frameworks */ = {
			isa = PBXFrameworksBuildPhase;
			buildActionMask = 0;
			files = (
				_LinkFileRef_Polymorphic_via_Fluent /* Polymorphic.framework in Frameworks */,
				_LinkFileRef_C7_via_Fluent /* C7.framework in Frameworks */,
			);
			runOnlyForDeploymentPostprocessing = 0;
		};
		"___LinkPhase_FluentMySQL" /* Frameworks */ = {
			isa = PBXFrameworksBuildPhase;
			buildActionMask = 0;
			files = (
				_LinkFileRef_Polymorphic_via_FluentMySQL /* Polymorphic.framework in Frameworks */,
				_LinkFileRef_C7_via_FluentMySQL /* C7.framework in Frameworks */,
				_LinkFileRef_libc_via_FluentMySQL /* libc.framework in Frameworks */,
				_LinkFileRef_Fluent_via_FluentMySQL /* Fluent.framework in Frameworks */,
				_LinkFileRef_MySQL_via_FluentMySQL /* MySQL.framework in Frameworks */,
			);
			runOnlyForDeploymentPostprocessing = 0;
		};
		"___LinkPhase_FluentMySQLTestSuite" /* Frameworks */ = {
			isa = PBXFrameworksBuildPhase;
			buildActionMask = 0;
			files = (
				_LinkFileRef_Polymorphic_via_FluentMySQLTestSuite /* Polymorphic.framework in Frameworks */,
				_LinkFileRef_C7_via_FluentMySQLTestSuite /* C7.framework in Frameworks */,
				_LinkFileRef_libc_via_FluentMySQLTestSuite /* libc.framework in Frameworks */,
				_LinkFileRef_Fluent_via_FluentMySQLTestSuite /* Fluent.framework in Frameworks */,
				_LinkFileRef_FluentMySQL_via_FluentMySQLTestSuite /* FluentMySQL.framework in Frameworks */,
				_LinkFileRef_MySQL_via_FluentMySQLTestSuite /* MySQL.framework in Frameworks */,
			);
			runOnlyForDeploymentPostprocessing = 0;
		};
		"___LinkPhase_MySQL" /* Frameworks */ = {
			isa = PBXFrameworksBuildPhase;
			buildActionMask = 0;
			files = (
				_LinkFileRef_Polymorphic_via_MySQL /* Polymorphic.framework in Frameworks */,
				_LinkFileRef_C7_via_MySQL /* C7.framework in Frameworks */,
				_LinkFileRef_libc_via_MySQL /* libc.framework in Frameworks */,
				_LinkFileRef_Fluent_via_MySQL /* Fluent.framework in Frameworks */,
			);
			runOnlyForDeploymentPostprocessing = 0;
		};
		"___LinkPhase_Polymorphic" /* Frameworks */ = {
			isa = PBXFrameworksBuildPhase;
			buildActionMask = 0;
			files = (
				_LinkFileRef_C7_via_Polymorphic /* C7.framework in Frameworks */,
			);
			runOnlyForDeploymentPostprocessing = 0;
		};
		"___LinkPhase_libc" /* Frameworks */ = {
			isa = PBXFrameworksBuildPhase;
			buildActionMask = 0;
			files = (
			);
			runOnlyForDeploymentPostprocessing = 0;
		};
/* End PBXFrameworksBuildPhase section */

/* Begin PBXGroup section */
		Dependencies_ /* Dependencies */ = {
			isa = PBXGroup;
			children = (
				"_______Group_C7" /* C7 */,
				"_______Group_Polymorphic" /* Polymorphic */,
				"_______Group_Fluent" /* Fluent */,
				"_______Group_libc" /* libc */,
			);
			name = Dependencies;
			sourceTree = "<group>";
		};
		TestProducts_ /* Tests */ = {
			isa = PBXGroup;
			children = (
				"_____Product_FluentMySQLTestSuite" /* FluentMySQLTestSuite.xctest */,
			);
			name = Tests;
			sourceTree = "<group>";
		};
		"___RootGroup_" = {
			isa = PBXGroup;
			children = (
				__PBXFileRef_Package.swift /* Package.swift */,
				"_____Configs_" /* Configs */,
				"_____Sources_" /* Sources */,
				Dependencies_ /* Dependencies */,
				"_______Tests_" /* Tests */,
				"____Products_" /* Products */,
			);
			sourceTree = "<group>";
		};
		"____Products_" /* Products */ = {
			isa = PBXGroup;
			children = (
				TestProducts_ /* Tests */,
				"_____Product_C7" /* C7.framework */,
				"_____Product_Polymorphic" /* Polymorphic.framework */,
				"_____Product_Fluent" /* Fluent.framework */,
				"_____Product_libc" /* libc.framework */,
				"_____Product_FluentMySQL" /* FluentMySQL.framework */,
				"_____Product_MySQL" /* MySQL.framework */,
			);
			name = Products;
			sourceTree = "<group>";
		};
		"_____Configs_" /* Configs */ = {
			isa = PBXGroup;
			children = (
				__PBXFileRef_FluentMySQL.xcodeproj/Configs/Project.xcconfig /* Project.xcconfig */,
			);
			name = Configs;
			sourceTree = "<group>";
		};
		"_____Sources_" /* Sources */ = {
			isa = PBXGroup;
			children = (
				"_______Group_FluentMySQL" /* FluentMySQL */,
				"_______Group_MySQL" /* MySQL */,
			);
			name = Sources;
			sourceTree = "<group>";
		};
		"_______Group_C7" /* C7 */ = {
			isa = PBXGroup;
			children = (
				"__PBXFileRef_Packages/C7-0.9.0/Sources/AsyncConnection.swift" /* AsyncConnection.swift */,
				"__PBXFileRef_Packages/C7-0.9.0/Sources/AsyncDrain.swift" /* AsyncDrain.swift */,
				"__PBXFileRef_Packages/C7-0.9.0/Sources/AsyncHost.swift" /* AsyncHost.swift */,
				"__PBXFileRef_Packages/C7-0.9.0/Sources/AsyncStream.swift" /* AsyncStream.swift */,
				"__PBXFileRef_Packages/C7-0.9.0/Sources/AsyncURIConnection.swift" /* AsyncURIConnection.swift */,
				"__PBXFileRef_Packages/C7-0.9.0/Sources/Byte.swift" /* Byte.swift */,
				"__PBXFileRef_Packages/C7-0.9.0/Sources/C7.swift" /* C7.swift */,
				"__PBXFileRef_Packages/C7-0.9.0/Sources/CaseInsensitiveString.swift" /* CaseInsensitiveString.swift */,
				"__PBXFileRef_Packages/C7-0.9.0/Sources/Closable.swift" /* Closable.swift */,
				"__PBXFileRef_Packages/C7-0.9.0/Sources/Connection.swift" /* Connection.swift */,
				"__PBXFileRef_Packages/C7-0.9.0/Sources/CustomDataStore.swift" /* CustomDataStore.swift */,
				"__PBXFileRef_Packages/C7-0.9.0/Sources/Data.swift" /* Data.swift */,
				"__PBXFileRef_Packages/C7-0.9.0/Sources/Drain.swift" /* Drain.swift */,
				"__PBXFileRef_Packages/C7-0.9.0/Sources/Host.swift" /* Host.swift */,
				"__PBXFileRef_Packages/C7-0.9.0/Sources/JSON.swift" /* JSON.swift */,
				"__PBXFileRef_Packages/C7-0.9.0/Sources/Number.swift" /* Number.swift */,
				"__PBXFileRef_Packages/C7-0.9.0/Sources/Stream.swift" /* Stream.swift */,
				"__PBXFileRef_Packages/C7-0.9.0/Sources/StreamError.swift" /* StreamError.swift */,
				"__PBXFileRef_Packages/C7-0.9.0/Sources/StreamSequence.swift" /* StreamSequence.swift */,
				"__PBXFileRef_Packages/C7-0.9.0/Sources/StructuredData.swift" /* StructuredData.swift */,
				"__PBXFileRef_Packages/C7-0.9.0/Sources/Time.swift" /* Time.swift */,
				"__PBXFileRef_Packages/C7-0.9.0/Sources/URI.swift" /* URI.swift */,
				"__PBXFileRef_Packages/C7-0.9.0/Sources/URIConnection.swift" /* URIConnection.swift */,
				__PBXFileRef_C7_Info.plist /* C7_Info.plist */,
			);
			name = C7;
			path = "Packages/C7-0.9.0/Sources";
			sourceTree = "<group>";
		};
		"_______Group_Fluent" /* Fluent */ = {
			isa = PBXGroup;
			children = (
				"__PBXFileRef_Packages/Fluent-0.6.0/Sources/Action.swift" /* Action.swift */,
				"__PBXFileRef_Packages/Fluent-0.6.0/Sources/Comparison.swift" /* Comparison.swift */,
				"__PBXFileRef_Packages/Fluent-0.6.0/Sources/Database.swift" /* Database.swift */,
				"__PBXFileRef_Packages/Fluent-0.6.0/Sources/Driver.swift" /* Driver.swift */,
				"__PBXFileRef_Packages/Fluent-0.6.0/Sources/Filter.swift" /* Filter.swift */,
				"__PBXFileRef_Packages/Fluent-0.6.0/Sources/Fluent+C7.swift" /* Fluent+C7.swift */,
				"__PBXFileRef_Packages/Fluent-0.6.0/Sources/Fluent+Polymorphic.swift" /* Fluent+Polymorphic.swift */,
				"__PBXFileRef_Packages/Fluent-0.6.0/Sources/Helper.swift" /* Helper.swift */,
				"__PBXFileRef_Packages/Fluent-0.6.0/Sources/Limit.swift" /* Limit.swift */,
				"__PBXFileRef_Packages/Fluent-0.6.0/Sources/Model.swift" /* Model.swift */,
				"__PBXFileRef_Packages/Fluent-0.6.0/Sources/PrintDriver.swift" /* PrintDriver.swift */,
				"__PBXFileRef_Packages/Fluent-0.6.0/Sources/Query.swift" /* Query.swift */,
				"__PBXFileRef_Packages/Fluent-0.6.0/Sources/Scope.swift" /* Scope.swift */,
				"__PBXFileRef_Packages/Fluent-0.6.0/Sources/SQL.swift" /* SQL.swift */,
				"__PBXFileRef_Packages/Fluent-0.6.0/Sources/Value+Polymorphic.swift" /* Value+Polymorphic.swift */,
				"__PBXFileRef_Packages/Fluent-0.6.0/Sources/Value.swift" /* Value.swift */,
				__PBXFileRef_Fluent_Info.plist /* Fluent_Info.plist */,
			);
			name = Fluent;
			path = "Packages/Fluent-0.6.0/Sources";
			sourceTree = "<group>";
		};
		"_______Group_FluentMySQL" /* FluentMySQL */ = {
			isa = PBXGroup;
			children = (
				__PBXFileRef_Sources/FluentMySQL/MySQLDriver.swift /* MySQLDriver.swift */,
				__PBXFileRef_FluentMySQL_Info.plist /* FluentMySQL_Info.plist */,
			);
			name = FluentMySQL;
			path = Sources/FluentMySQL;
			sourceTree = "<group>";
		};
		"_______Group_FluentMySQLTestSuite" /* FluentMySQLTestSuite */ = {
			isa = PBXGroup;
			children = (
				__PBXFileRef_Tests/FluentMySQL/MySQLDriverTests.swift /* MySQLDriverTests.swift */,
				__PBXFileRef_Tests/FluentMySQL/MySQLTests.swift /* MySQLTests.swift */,
				__PBXFileRef_Tests/FluentMySQL/Utilities.swift /* Utilities.swift */,
				__PBXFileRef_FluentMySQLTestSuite_Info.plist /* FluentMySQLTestSuite_Info.plist */,
			);
			name = FluentMySQLTestSuite;
			path = Tests/FluentMySQL;
			sourceTree = "<group>";
		};
		"_______Group_MySQL" /* MySQL */ = {
			isa = PBXGroup;
			children = (
				__PBXFileRef_Sources/MySQL/MySQL.swift /* Database.swift */,
				C389D3B41D11EB5500BB1E5B /* Value.swift */,
				__PBXFileRef_MySQL_Info.plist /* MySQL_Info.plist */,
				C389D3AC1D11DAD500BB1E5B /* Bind.swift */,
				C389D3B81D11EE4000BB1E5B /* Bind+Value.swift */,
				C389D3B01D11EB2500BB1E5B /* Fields.swift */,
				C389D3B21D11EB2D00BB1E5B /* Field.swift */,
				C389D3B61D11EB7600BB1E5B /* Field+Variant.swift */,
				C389D3AE1D11E4FE00BB1E5B /* Binds.swift */,
			);
			name = MySQL;
			path = Sources/MySQL;
			sourceTree = "<group>";
		};
		"_______Group_Polymorphic" /* Polymorphic */ = {
			isa = PBXGroup;
			children = (
				"__PBXFileRef_Packages/Polymorphic-0.2.0/Sources/Polymorphic+C7.swift" /* Polymorphic+C7.swift */,
				"__PBXFileRef_Packages/Polymorphic-0.2.0/Sources/Polymorphic.swift" /* Polymorphic.swift */,
				"__PBXFileRef_Packages/Polymorphic-0.2.0/Sources/String+Polymorphic.swift" /* String+Polymorphic.swift */,
				"__PBXFileRef_Packages/Polymorphic-0.2.0/Sources/StructuredData+Polymorphic.swift" /* StructuredData+Polymorphic.swift */,
				__PBXFileRef_Polymorphic_Info.plist /* Polymorphic_Info.plist */,
			);
			name = Polymorphic;
			path = "Packages/Polymorphic-0.2.0/Sources";
			sourceTree = "<group>";
		};
		"_______Group_libc" /* libc */ = {
			isa = PBXGroup;
			children = (
				"__PBXFileRef_Packages/libc-0.1.0/Sources/libc.swift" /* libc.swift */,
				__PBXFileRef_libc_Info.plist /* libc_Info.plist */,
			);
			name = libc;
			path = "Packages/libc-0.1.0/Sources";
			sourceTree = "<group>";
		};
		"_______Tests_" /* Tests */ = {
			isa = PBXGroup;
			children = (
				"_______Group_FluentMySQLTestSuite" /* FluentMySQLTestSuite */,
			);
			name = Tests;
			sourceTree = "<group>";
		};
/* End PBXGroup section */

/* Begin PBXNativeTarget section */
		"______Target_C7" /* C7 */ = {
			isa = PBXNativeTarget;
			buildConfigurationList = "_______Confs_C7" /* Build configuration list for PBXNativeTarget "C7" */;
			buildPhases = (
				CompilePhase_C7 /* Sources */,
				"___LinkPhase_C7" /* Frameworks */,
			);
			buildRules = (
			);
			dependencies = (
			);
			name = C7;
			productName = C7;
			productReference = "_____Product_C7" /* C7.framework */;
			productType = "com.apple.product-type.framework";
		};
		"______Target_Fluent" /* Fluent */ = {
			isa = PBXNativeTarget;
			buildConfigurationList = "_______Confs_Fluent" /* Build configuration list for PBXNativeTarget "Fluent" */;
			buildPhases = (
				CompilePhase_Fluent /* Sources */,
				"___LinkPhase_Fluent" /* Frameworks */,
			);
			buildRules = (
			);
			dependencies = (
				__Dependency_Polymorphic /* PBXTargetDependency */,
				__Dependency_C7 /* PBXTargetDependency */,
			);
			name = Fluent;
			productName = Fluent;
			productReference = "_____Product_Fluent" /* Fluent.framework */;
			productType = "com.apple.product-type.framework";
		};
		"______Target_FluentMySQL" /* FluentMySQL */ = {
			isa = PBXNativeTarget;
			buildConfigurationList = "_______Confs_FluentMySQL" /* Build configuration list for PBXNativeTarget "FluentMySQL" */;
			buildPhases = (
				CompilePhase_FluentMySQL /* Sources */,
				"___LinkPhase_FluentMySQL" /* Frameworks */,
			);
			buildRules = (
			);
			dependencies = (
				__Dependency_Polymorphic /* PBXTargetDependency */,
				__Dependency_C7 /* PBXTargetDependency */,
				__Dependency_libc /* PBXTargetDependency */,
				__Dependency_Fluent /* PBXTargetDependency */,
				__Dependency_MySQL /* PBXTargetDependency */,
			);
			name = FluentMySQL;
			productName = FluentMySQL;
			productReference = "_____Product_FluentMySQL" /* FluentMySQL.framework */;
			productType = "com.apple.product-type.framework";
		};
		"______Target_FluentMySQLTestSuite" /* FluentMySQLTestSuite */ = {
			isa = PBXNativeTarget;
			buildConfigurationList = "_______Confs_FluentMySQLTestSuite" /* Build configuration list for PBXNativeTarget "FluentMySQLTestSuite" */;
			buildPhases = (
				CompilePhase_FluentMySQLTestSuite /* Sources */,
				"___LinkPhase_FluentMySQLTestSuite" /* Frameworks */,
			);
			buildRules = (
			);
			dependencies = (
				__Dependency_Polymorphic /* PBXTargetDependency */,
				__Dependency_C7 /* PBXTargetDependency */,
				__Dependency_libc /* PBXTargetDependency */,
				__Dependency_Fluent /* PBXTargetDependency */,
				__Dependency_FluentMySQL /* PBXTargetDependency */,
			);
			name = FluentMySQLTestSuite;
			productName = FluentMySQLTestSuite;
			productReference = "_____Product_FluentMySQLTestSuite" /* FluentMySQLTestSuite.xctest */;
			productType = "com.apple.product-type.bundle.unit-test";
		};
		"______Target_MySQL" /* MySQL */ = {
			isa = PBXNativeTarget;
			buildConfigurationList = "_______Confs_MySQL" /* Build configuration list for PBXNativeTarget "MySQL" */;
			buildPhases = (
				CompilePhase_MySQL /* Sources */,
				"___LinkPhase_MySQL" /* Frameworks */,
			);
			buildRules = (
			);
			dependencies = (
				__Dependency_Polymorphic /* PBXTargetDependency */,
				__Dependency_C7 /* PBXTargetDependency */,
				__Dependency_libc /* PBXTargetDependency */,
				__Dependency_Fluent /* PBXTargetDependency */,
			);
			name = MySQL;
			productName = MySQL;
			productReference = "_____Product_MySQL" /* MySQL.framework */;
			productType = "com.apple.product-type.framework";
		};
		"______Target_Polymorphic" /* Polymorphic */ = {
			isa = PBXNativeTarget;
			buildConfigurationList = "_______Confs_Polymorphic" /* Build configuration list for PBXNativeTarget "Polymorphic" */;
			buildPhases = (
				CompilePhase_Polymorphic /* Sources */,
				"___LinkPhase_Polymorphic" /* Frameworks */,
			);
			buildRules = (
			);
			dependencies = (
				__Dependency_C7 /* PBXTargetDependency */,
			);
			name = Polymorphic;
			productName = Polymorphic;
			productReference = "_____Product_Polymorphic" /* Polymorphic.framework */;
			productType = "com.apple.product-type.framework";
		};
		"______Target_libc" /* libc */ = {
			isa = PBXNativeTarget;
			buildConfigurationList = "_______Confs_libc" /* Build configuration list for PBXNativeTarget "libc" */;
			buildPhases = (
				CompilePhase_libc /* Sources */,
				"___LinkPhase_libc" /* Frameworks */,
			);
			buildRules = (
			);
			dependencies = (
			);
			name = libc;
			productName = libc;
			productReference = "_____Product_libc" /* libc.framework */;
			productType = "com.apple.product-type.framework";
		};
/* End PBXNativeTarget section */

/* Begin PBXProject section */
		__RootObject_ /* Project object */ = {
			isa = PBXProject;
			attributes = {
				LastUpgradeCheck = 9999;
			};
			buildConfigurationList = "___RootConfs_" /* Build configuration list for PBXProject "FluentMySQL" */;
			compatibilityVersion = "Xcode 3.2";
			developmentRegion = English;
			hasScannedForEncodings = 0;
			knownRegions = (
				en,
			);
			mainGroup = "___RootGroup_";
			productRefGroup = "____Products_" /* Products */;
			projectDirPath = "";
			projectRoot = "";
			targets = (
				"______Target_C7" /* C7 */,
				"______Target_Polymorphic" /* Polymorphic */,
				"______Target_Fluent" /* Fluent */,
				"______Target_libc" /* libc */,
				"______Target_FluentMySQL" /* FluentMySQL */,
				"______Target_MySQL" /* MySQL */,
				"______Target_FluentMySQLTestSuite" /* FluentMySQLTestSuite */,
			);
		};
/* End PBXProject section */

/* Begin PBXSourcesBuildPhase section */
		CompilePhase_C7 /* Sources */ = {
			isa = PBXSourcesBuildPhase;
			buildActionMask = 0;
			files = (
				"__src_cc_ref_Packages/C7-0.9.0/Sources/AsyncConnection.swift" /* AsyncConnection.swift in Sources */,
				"__src_cc_ref_Packages/C7-0.9.0/Sources/AsyncDrain.swift" /* AsyncDrain.swift in Sources */,
				"__src_cc_ref_Packages/C7-0.9.0/Sources/AsyncHost.swift" /* AsyncHost.swift in Sources */,
				"__src_cc_ref_Packages/C7-0.9.0/Sources/AsyncStream.swift" /* AsyncStream.swift in Sources */,
				"__src_cc_ref_Packages/C7-0.9.0/Sources/AsyncURIConnection.swift" /* AsyncURIConnection.swift in Sources */,
				"__src_cc_ref_Packages/C7-0.9.0/Sources/Byte.swift" /* Byte.swift in Sources */,
				"__src_cc_ref_Packages/C7-0.9.0/Sources/C7.swift" /* C7.swift in Sources */,
				"__src_cc_ref_Packages/C7-0.9.0/Sources/CaseInsensitiveString.swift" /* CaseInsensitiveString.swift in Sources */,
				"__src_cc_ref_Packages/C7-0.9.0/Sources/Closable.swift" /* Closable.swift in Sources */,
				"__src_cc_ref_Packages/C7-0.9.0/Sources/Connection.swift" /* Connection.swift in Sources */,
				"__src_cc_ref_Packages/C7-0.9.0/Sources/CustomDataStore.swift" /* CustomDataStore.swift in Sources */,
				"__src_cc_ref_Packages/C7-0.9.0/Sources/Data.swift" /* Data.swift in Sources */,
				"__src_cc_ref_Packages/C7-0.9.0/Sources/Drain.swift" /* Drain.swift in Sources */,
				"__src_cc_ref_Packages/C7-0.9.0/Sources/Host.swift" /* Host.swift in Sources */,
				"__src_cc_ref_Packages/C7-0.9.0/Sources/JSON.swift" /* JSON.swift in Sources */,
				"__src_cc_ref_Packages/C7-0.9.0/Sources/Number.swift" /* Number.swift in Sources */,
				"__src_cc_ref_Packages/C7-0.9.0/Sources/Stream.swift" /* Stream.swift in Sources */,
				"__src_cc_ref_Packages/C7-0.9.0/Sources/StreamError.swift" /* StreamError.swift in Sources */,
				"__src_cc_ref_Packages/C7-0.9.0/Sources/StreamSequence.swift" /* StreamSequence.swift in Sources */,
				"__src_cc_ref_Packages/C7-0.9.0/Sources/StructuredData.swift" /* StructuredData.swift in Sources */,
				"__src_cc_ref_Packages/C7-0.9.0/Sources/Time.swift" /* Time.swift in Sources */,
				"__src_cc_ref_Packages/C7-0.9.0/Sources/URI.swift" /* URI.swift in Sources */,
				"__src_cc_ref_Packages/C7-0.9.0/Sources/URIConnection.swift" /* URIConnection.swift in Sources */,
			);
			runOnlyForDeploymentPostprocessing = 0;
		};
		CompilePhase_Fluent /* Sources */ = {
			isa = PBXSourcesBuildPhase;
			buildActionMask = 0;
			files = (
				"__src_cc_ref_Packages/Fluent-0.6.0/Sources/Action.swift" /* Action.swift in Sources */,
				"__src_cc_ref_Packages/Fluent-0.6.0/Sources/Comparison.swift" /* Comparison.swift in Sources */,
				"__src_cc_ref_Packages/Fluent-0.6.0/Sources/Database.swift" /* Database.swift in Sources */,
				"__src_cc_ref_Packages/Fluent-0.6.0/Sources/Driver.swift" /* Driver.swift in Sources */,
				"__src_cc_ref_Packages/Fluent-0.6.0/Sources/Filter.swift" /* Filter.swift in Sources */,
				"__src_cc_ref_Packages/Fluent-0.6.0/Sources/Fluent+C7.swift" /* Fluent+C7.swift in Sources */,
				"__src_cc_ref_Packages/Fluent-0.6.0/Sources/Fluent+Polymorphic.swift" /* Fluent+Polymorphic.swift in Sources */,
				"__src_cc_ref_Packages/Fluent-0.6.0/Sources/Helper.swift" /* Helper.swift in Sources */,
				"__src_cc_ref_Packages/Fluent-0.6.0/Sources/Limit.swift" /* Limit.swift in Sources */,
				"__src_cc_ref_Packages/Fluent-0.6.0/Sources/Model.swift" /* Model.swift in Sources */,
				"__src_cc_ref_Packages/Fluent-0.6.0/Sources/PrintDriver.swift" /* PrintDriver.swift in Sources */,
				"__src_cc_ref_Packages/Fluent-0.6.0/Sources/Query.swift" /* Query.swift in Sources */,
				"__src_cc_ref_Packages/Fluent-0.6.0/Sources/Scope.swift" /* Scope.swift in Sources */,
				"__src_cc_ref_Packages/Fluent-0.6.0/Sources/SQL.swift" /* SQL.swift in Sources */,
				"__src_cc_ref_Packages/Fluent-0.6.0/Sources/Value+Polymorphic.swift" /* Value+Polymorphic.swift in Sources */,
				"__src_cc_ref_Packages/Fluent-0.6.0/Sources/Value.swift" /* Value.swift in Sources */,
			);
			runOnlyForDeploymentPostprocessing = 0;
		};
		CompilePhase_FluentMySQL /* Sources */ = {
			isa = PBXSourcesBuildPhase;
			buildActionMask = 0;
			files = (
				__src_cc_ref_Sources/FluentMySQL/MySQLDriver.swift /* MySQLDriver.swift in Sources */,
			);
			runOnlyForDeploymentPostprocessing = 0;
		};
		CompilePhase_FluentMySQLTestSuite /* Sources */ = {
			isa = PBXSourcesBuildPhase;
			buildActionMask = 0;
			files = (
				__src_cc_ref_Tests/FluentMySQL/MySQLDriverTests.swift /* MySQLDriverTests.swift in Sources */,
				__src_cc_ref_Tests/FluentMySQL/MySQLTests.swift /* MySQLTests.swift in Sources */,
				__src_cc_ref_Tests/FluentMySQL/Utilities.swift /* Utilities.swift in Sources */,
			);
			runOnlyForDeploymentPostprocessing = 0;
		};
		CompilePhase_MySQL /* Sources */ = {
			isa = PBXSourcesBuildPhase;
			buildActionMask = 0;
			files = (
				C389D3B91D11EE4000BB1E5B /* Bind+Value.swift in Sources */,
				C389D3B31D11EB2D00BB1E5B /* Field.swift in Sources */,
				C389D3AF1D11E4FE00BB1E5B /* Binds.swift in Sources */,
				C389D3B71D11EB7600BB1E5B /* Field+Variant.swift in Sources */,
				C389D3AD1D11DAD500BB1E5B /* Bind.swift in Sources */,
				C389D3B11D11EB2500BB1E5B /* Fields.swift in Sources */,
				__src_cc_ref_Sources/MySQL/MySQL.swift /* Database.swift in Sources */,
				C389D3B51D11EB5500BB1E5B /* Value.swift in Sources */,
			);
			runOnlyForDeploymentPostprocessing = 0;
		};
		CompilePhase_Polymorphic /* Sources */ = {
			isa = PBXSourcesBuildPhase;
			buildActionMask = 0;
			files = (
				"__src_cc_ref_Packages/Polymorphic-0.2.0/Sources/Polymorphic+C7.swift" /* Polymorphic+C7.swift in Sources */,
				"__src_cc_ref_Packages/Polymorphic-0.2.0/Sources/Polymorphic.swift" /* Polymorphic.swift in Sources */,
				"__src_cc_ref_Packages/Polymorphic-0.2.0/Sources/String+Polymorphic.swift" /* String+Polymorphic.swift in Sources */,
				"__src_cc_ref_Packages/Polymorphic-0.2.0/Sources/StructuredData+Polymorphic.swift" /* StructuredData+Polymorphic.swift in Sources */,
			);
			runOnlyForDeploymentPostprocessing = 0;
		};
		CompilePhase_libc /* Sources */ = {
			isa = PBXSourcesBuildPhase;
			buildActionMask = 0;
			files = (
				"__src_cc_ref_Packages/libc-0.1.0/Sources/libc.swift" /* libc.swift in Sources */,
			);
			runOnlyForDeploymentPostprocessing = 0;
		};
/* End PBXSourcesBuildPhase section */

/* Begin PBXTargetDependency section */
		__Dependency_C7 /* PBXTargetDependency */ = {
			isa = PBXTargetDependency;
			target = "______Target_C7" /* C7 */;
			targetProxy = C389D3A61D11DA2600BB1E5B /* PBXContainerItemProxy */;
		};
		__Dependency_Fluent /* PBXTargetDependency */ = {
			isa = PBXTargetDependency;
			target = "______Target_Fluent" /* Fluent */;
			targetProxy = C389D3A91D11DA2600BB1E5B /* PBXContainerItemProxy */;
		};
		__Dependency_FluentMySQL /* PBXTargetDependency */ = {
			isa = PBXTargetDependency;
			target = "______Target_FluentMySQL" /* FluentMySQL */;
			targetProxy = C389D3AB1D11DA2600BB1E5B /* PBXContainerItemProxy */;
		};
		__Dependency_MySQL /* PBXTargetDependency */ = {
			isa = PBXTargetDependency;
			target = "______Target_MySQL" /* MySQL */;
			targetProxy = C389D3AA1D11DA2600BB1E5B /* PBXContainerItemProxy */;
		};
		__Dependency_Polymorphic /* PBXTargetDependency */ = {
			isa = PBXTargetDependency;
			target = "______Target_Polymorphic" /* Polymorphic */;
			targetProxy = C389D3A71D11DA2600BB1E5B /* PBXContainerItemProxy */;
		};
		__Dependency_libc /* PBXTargetDependency */ = {
			isa = PBXTargetDependency;
			target = "______Target_libc" /* libc */;
			targetProxy = C389D3A81D11DA2600BB1E5B /* PBXContainerItemProxy */;
		};
/* End PBXTargetDependency section */

/* Begin XCBuildConfiguration section */
		_ReleaseConf_C7 /* Release */ = {
			isa = XCBuildConfiguration;
			buildSettings = {
				ENABLE_TESTABILITY = YES;
				FRAMEWORK_SEARCH_PATHS = "$(PLATFORM_DIR)/Developer/Library/Frameworks";
				INFOPLIST_FILE = FluentMySQL.xcodeproj/C7_Info.plist;
				LD_RUNPATH_SEARCH_PATHS = "$(TOOLCHAIN_DIR)/usr/lib/swift/macosx";
				OTHER_LDFLAGS = "$(inherited)";
				OTHER_SWIFT_FLAGS = "$(inherited)";
				PRODUCT_MODULE_NAME = "$(TARGET_NAME:c99extidentifier)";
				PRODUCT_NAME = "$(TARGET_NAME:c99extidentifier)";
			};
			name = Release;
		};
		_ReleaseConf_Fluent /* Release */ = {
			isa = XCBuildConfiguration;
			buildSettings = {
				ENABLE_TESTABILITY = YES;
				FRAMEWORK_SEARCH_PATHS = "$(PLATFORM_DIR)/Developer/Library/Frameworks";
				INFOPLIST_FILE = FluentMySQL.xcodeproj/Fluent_Info.plist;
				LD_RUNPATH_SEARCH_PATHS = "$(TOOLCHAIN_DIR)/usr/lib/swift/macosx";
				OTHER_LDFLAGS = "$(inherited)";
				OTHER_SWIFT_FLAGS = "$(inherited)";
				PRODUCT_MODULE_NAME = "$(TARGET_NAME:c99extidentifier)";
				PRODUCT_NAME = "$(TARGET_NAME:c99extidentifier)";
			};
			name = Release;
		};
		_ReleaseConf_FluentMySQL /* Release */ = {
			isa = XCBuildConfiguration;
			buildSettings = {
				ENABLE_TESTABILITY = YES;
				FRAMEWORK_SEARCH_PATHS = "$(PLATFORM_DIR)/Developer/Library/Frameworks";
				HEADER_SEARCH_PATHS = "/Users/tanner/Developer/fluent/mysql/Packages/CMySQL-0.1.5";
				INFOPLIST_FILE = FluentMySQL.xcodeproj/FluentMySQL_Info.plist;
				LD_RUNPATH_SEARCH_PATHS = "$(TOOLCHAIN_DIR)/usr/lib/swift/macosx";
				LIBRARY_SEARCH_PATHS = /usr/local/mysql/lib;
				OTHER_LDFLAGS = "$(inherited)";
				OTHER_SWIFT_FLAGS = "$(inherited)";
				PRODUCT_MODULE_NAME = "$(TARGET_NAME:c99extidentifier)";
				PRODUCT_NAME = "$(TARGET_NAME:c99extidentifier)";
			};
			name = Release;
		};
		_ReleaseConf_FluentMySQLTestSuite /* Release */ = {
			isa = XCBuildConfiguration;
			buildSettings = {
				EMBEDDED_CONTENT_CONTAINS_SWIFT = YES;
				FRAMEWORK_SEARCH_PATHS = "$(PLATFORM_DIR)/Developer/Library/Frameworks";
				HEADER_SEARCH_PATHS = "/Users/tanner/Developer/fluent/mysql/Packages/CMySQL-0.1.5";
				INFOPLIST_FILE = FluentMySQL.xcodeproj/FluentMySQLTestSuite_Info.plist;
				LD_RUNPATH_SEARCH_PATHS = "@loader_path/../Frameworks";
				LIBRARY_SEARCH_PATHS = /usr/local/mysql/lib;
				OTHER_LDFLAGS = "$(inherited)";
				OTHER_SWIFT_FLAGS = "$(inherited)";
			};
			name = Release;
		};
		_ReleaseConf_MySQL /* Release */ = {
			isa = XCBuildConfiguration;
			buildSettings = {
				ENABLE_TESTABILITY = YES;
				FRAMEWORK_SEARCH_PATHS = "$(PLATFORM_DIR)/Developer/Library/Frameworks";
				HEADER_SEARCH_PATHS = (
					"/Users/tanner/Developer/fluent/mysql/Packages/CMySQL-0.1.5",
					/usr/local/mysql/include,
				);
				INFOPLIST_FILE = FluentMySQL.xcodeproj/MySQL_Info.plist;
				LD_RUNPATH_SEARCH_PATHS = "$(TOOLCHAIN_DIR)/usr/lib/swift/macosx";
				LIBRARY_SEARCH_PATHS = /usr/local/mysql/lib;
				OTHER_LDFLAGS = "$(inherited)";
				OTHER_SWIFT_FLAGS = "$(inherited)";
				PRODUCT_MODULE_NAME = "$(TARGET_NAME:c99extidentifier)";
				PRODUCT_NAME = "$(TARGET_NAME:c99extidentifier)";
			};
			name = Release;
		};
		_ReleaseConf_Polymorphic /* Release */ = {
			isa = XCBuildConfiguration;
			buildSettings = {
				ENABLE_TESTABILITY = YES;
				FRAMEWORK_SEARCH_PATHS = "$(PLATFORM_DIR)/Developer/Library/Frameworks";
				INFOPLIST_FILE = FluentMySQL.xcodeproj/Polymorphic_Info.plist;
				LD_RUNPATH_SEARCH_PATHS = "$(TOOLCHAIN_DIR)/usr/lib/swift/macosx";
				OTHER_LDFLAGS = "$(inherited)";
				OTHER_SWIFT_FLAGS = "$(inherited)";
				PRODUCT_MODULE_NAME = "$(TARGET_NAME:c99extidentifier)";
				PRODUCT_NAME = "$(TARGET_NAME:c99extidentifier)";
			};
			name = Release;
		};
		_ReleaseConf_libc /* Release */ = {
			isa = XCBuildConfiguration;
			buildSettings = {
				ENABLE_TESTABILITY = YES;
				FRAMEWORK_SEARCH_PATHS = "$(PLATFORM_DIR)/Developer/Library/Frameworks";
				INFOPLIST_FILE = FluentMySQL.xcodeproj/libc_Info.plist;
				LD_RUNPATH_SEARCH_PATHS = "$(TOOLCHAIN_DIR)/usr/lib/swift/macosx";
				OTHER_LDFLAGS = "$(inherited)";
				OTHER_SWIFT_FLAGS = "$(inherited)";
				PRODUCT_MODULE_NAME = "$(TARGET_NAME:c99extidentifier)";
				PRODUCT_NAME = "$(TARGET_NAME:c99extidentifier)";
			};
			name = Release;
		};
		"___DebugConf_C7" /* Debug */ = {
			isa = XCBuildConfiguration;
			buildSettings = {
				ENABLE_TESTABILITY = YES;
				FRAMEWORK_SEARCH_PATHS = "$(PLATFORM_DIR)/Developer/Library/Frameworks";
				INFOPLIST_FILE = FluentMySQL.xcodeproj/C7_Info.plist;
				LD_RUNPATH_SEARCH_PATHS = "$(TOOLCHAIN_DIR)/usr/lib/swift/macosx";
				OTHER_LDFLAGS = "$(inherited)";
				OTHER_SWIFT_FLAGS = "$(inherited)";
				PRODUCT_MODULE_NAME = "$(TARGET_NAME:c99extidentifier)";
				PRODUCT_NAME = "$(TARGET_NAME:c99extidentifier)";
				SWIFT_OPTIMIZATION_LEVEL = "-Onone";
			};
			name = Debug;
		};
		"___DebugConf_Fluent" /* Debug */ = {
			isa = XCBuildConfiguration;
			buildSettings = {
				ENABLE_TESTABILITY = YES;
				FRAMEWORK_SEARCH_PATHS = "$(PLATFORM_DIR)/Developer/Library/Frameworks";
				INFOPLIST_FILE = FluentMySQL.xcodeproj/Fluent_Info.plist;
				LD_RUNPATH_SEARCH_PATHS = "$(TOOLCHAIN_DIR)/usr/lib/swift/macosx";
				OTHER_LDFLAGS = "$(inherited)";
				OTHER_SWIFT_FLAGS = "$(inherited)";
				PRODUCT_MODULE_NAME = "$(TARGET_NAME:c99extidentifier)";
				PRODUCT_NAME = "$(TARGET_NAME:c99extidentifier)";
				SWIFT_OPTIMIZATION_LEVEL = "-Onone";
			};
			name = Debug;
		};
		"___DebugConf_FluentMySQL" /* Debug */ = {
			isa = XCBuildConfiguration;
			buildSettings = {
				ENABLE_TESTABILITY = YES;
				FRAMEWORK_SEARCH_PATHS = "$(PLATFORM_DIR)/Developer/Library/Frameworks";
				HEADER_SEARCH_PATHS = "/Users/tanner/Developer/fluent/mysql/Packages/CMySQL-0.1.5";
				INFOPLIST_FILE = FluentMySQL.xcodeproj/FluentMySQL_Info.plist;
				LD_RUNPATH_SEARCH_PATHS = "$(TOOLCHAIN_DIR)/usr/lib/swift/macosx";
				LIBRARY_SEARCH_PATHS = /usr/local/mysql/lib;
				OTHER_LDFLAGS = "$(inherited)";
				OTHER_SWIFT_FLAGS = "$(inherited)";
				PRODUCT_MODULE_NAME = "$(TARGET_NAME:c99extidentifier)";
				PRODUCT_NAME = "$(TARGET_NAME:c99extidentifier)";
				SWIFT_OPTIMIZATION_LEVEL = "-Onone";
			};
			name = Debug;
		};
		"___DebugConf_FluentMySQLTestSuite" /* Debug */ = {
			isa = XCBuildConfiguration;
			buildSettings = {
				EMBEDDED_CONTENT_CONTAINS_SWIFT = YES;
				FRAMEWORK_SEARCH_PATHS = "$(PLATFORM_DIR)/Developer/Library/Frameworks";
				HEADER_SEARCH_PATHS = "/Users/tanner/Developer/fluent/mysql/Packages/CMySQL-0.1.5";
				INFOPLIST_FILE = FluentMySQL.xcodeproj/FluentMySQLTestSuite_Info.plist;
				LD_RUNPATH_SEARCH_PATHS = "@loader_path/../Frameworks";
				LIBRARY_SEARCH_PATHS = /usr/local/mysql/lib;
				OTHER_LDFLAGS = "$(inherited)";
				OTHER_SWIFT_FLAGS = "$(inherited)";
				SWIFT_OPTIMIZATION_LEVEL = "-Onone";
			};
			name = Debug;
		};
		"___DebugConf_MySQL" /* Debug */ = {
			isa = XCBuildConfiguration;
			buildSettings = {
				ENABLE_TESTABILITY = YES;
				FRAMEWORK_SEARCH_PATHS = "$(PLATFORM_DIR)/Developer/Library/Frameworks";
				HEADER_SEARCH_PATHS = (
					"/Users/tanner/Developer/fluent/mysql/Packages/CMySQL-0.1.5",
					/usr/local/mysql/include,
				);
				INFOPLIST_FILE = FluentMySQL.xcodeproj/MySQL_Info.plist;
				LD_RUNPATH_SEARCH_PATHS = "$(TOOLCHAIN_DIR)/usr/lib/swift/macosx";
				LIBRARY_SEARCH_PATHS = /usr/local/mysql/lib;
				OTHER_LDFLAGS = "$(inherited)";
				OTHER_SWIFT_FLAGS = "$(inherited)";
				PRODUCT_MODULE_NAME = "$(TARGET_NAME:c99extidentifier)";
				PRODUCT_NAME = "$(TARGET_NAME:c99extidentifier)";
				SWIFT_OPTIMIZATION_LEVEL = "-Onone";
			};
			name = Debug;
		};
		"___DebugConf_Polymorphic" /* Debug */ = {
			isa = XCBuildConfiguration;
			buildSettings = {
				ENABLE_TESTABILITY = YES;
				FRAMEWORK_SEARCH_PATHS = "$(PLATFORM_DIR)/Developer/Library/Frameworks";
				INFOPLIST_FILE = FluentMySQL.xcodeproj/Polymorphic_Info.plist;
				LD_RUNPATH_SEARCH_PATHS = "$(TOOLCHAIN_DIR)/usr/lib/swift/macosx";
				OTHER_LDFLAGS = "$(inherited)";
				OTHER_SWIFT_FLAGS = "$(inherited)";
				PRODUCT_MODULE_NAME = "$(TARGET_NAME:c99extidentifier)";
				PRODUCT_NAME = "$(TARGET_NAME:c99extidentifier)";
				SWIFT_OPTIMIZATION_LEVEL = "-Onone";
			};
			name = Debug;
		};
		"___DebugConf_libc" /* Debug */ = {
			isa = XCBuildConfiguration;
			buildSettings = {
				ENABLE_TESTABILITY = YES;
				FRAMEWORK_SEARCH_PATHS = "$(PLATFORM_DIR)/Developer/Library/Frameworks";
				INFOPLIST_FILE = FluentMySQL.xcodeproj/libc_Info.plist;
				LD_RUNPATH_SEARCH_PATHS = "$(TOOLCHAIN_DIR)/usr/lib/swift/macosx";
				OTHER_LDFLAGS = "$(inherited)";
				OTHER_SWIFT_FLAGS = "$(inherited)";
				PRODUCT_MODULE_NAME = "$(TARGET_NAME:c99extidentifier)";
				PRODUCT_NAME = "$(TARGET_NAME:c99extidentifier)";
				SWIFT_OPTIMIZATION_LEVEL = "-Onone";
			};
			name = Debug;
		};
		"_____Release_" /* Release */ = {
			isa = XCBuildConfiguration;
			baseConfigurationReference = __PBXFileRef_FluentMySQL.xcodeproj/Configs/Project.xcconfig /* Project.xcconfig */;
			buildSettings = {
			};
			name = Release;
		};
		"_______Debug_" /* Debug */ = {
			isa = XCBuildConfiguration;
			baseConfigurationReference = __PBXFileRef_FluentMySQL.xcodeproj/Configs/Project.xcconfig /* Project.xcconfig */;
			buildSettings = {
			};
			name = Debug;
		};
/* End XCBuildConfiguration section */

/* Begin XCConfigurationList section */
		"___RootConfs_" /* Build configuration list for PBXProject "FluentMySQL" */ = {
			isa = XCConfigurationList;
			buildConfigurations = (
				"_______Debug_" /* Debug */,
				"_____Release_" /* Release */,
			);
			defaultConfigurationIsVisible = 0;
			defaultConfigurationName = Debug;
		};
		"_______Confs_C7" /* Build configuration list for PBXNativeTarget "C7" */ = {
			isa = XCConfigurationList;
			buildConfigurations = (
				"___DebugConf_C7" /* Debug */,
				_ReleaseConf_C7 /* Release */,
			);
			defaultConfigurationIsVisible = 0;
			defaultConfigurationName = Debug;
		};
		"_______Confs_Fluent" /* Build configuration list for PBXNativeTarget "Fluent" */ = {
			isa = XCConfigurationList;
			buildConfigurations = (
				"___DebugConf_Fluent" /* Debug */,
				_ReleaseConf_Fluent /* Release */,
			);
			defaultConfigurationIsVisible = 0;
			defaultConfigurationName = Debug;
		};
		"_______Confs_FluentMySQL" /* Build configuration list for PBXNativeTarget "FluentMySQL" */ = {
			isa = XCConfigurationList;
			buildConfigurations = (
				"___DebugConf_FluentMySQL" /* Debug */,
				_ReleaseConf_FluentMySQL /* Release */,
			);
			defaultConfigurationIsVisible = 0;
			defaultConfigurationName = Debug;
		};
		"_______Confs_FluentMySQLTestSuite" /* Build configuration list for PBXNativeTarget "FluentMySQLTestSuite" */ = {
			isa = XCConfigurationList;
			buildConfigurations = (
				"___DebugConf_FluentMySQLTestSuite" /* Debug */,
				_ReleaseConf_FluentMySQLTestSuite /* Release */,
			);
			defaultConfigurationIsVisible = 0;
			defaultConfigurationName = Debug;
		};
		"_______Confs_MySQL" /* Build configuration list for PBXNativeTarget "MySQL" */ = {
			isa = XCConfigurationList;
			buildConfigurations = (
				"___DebugConf_MySQL" /* Debug */,
				_ReleaseConf_MySQL /* Release */,
			);
			defaultConfigurationIsVisible = 0;
			defaultConfigurationName = Debug;
		};
		"_______Confs_Polymorphic" /* Build configuration list for PBXNativeTarget "Polymorphic" */ = {
			isa = XCConfigurationList;
			buildConfigurations = (
				"___DebugConf_Polymorphic" /* Debug */,
				_ReleaseConf_Polymorphic /* Release */,
			);
			defaultConfigurationIsVisible = 0;
			defaultConfigurationName = Debug;
		};
		"_______Confs_libc" /* Build configuration list for PBXNativeTarget "libc" */ = {
			isa = XCConfigurationList;
			buildConfigurations = (
				"___DebugConf_libc" /* Debug */,
				_ReleaseConf_libc /* Release */,
			);
			defaultConfigurationIsVisible = 0;
			defaultConfigurationName = Debug;
		};
/* End XCConfigurationList section */
	};
	rootObject = __RootObject_ /* Project object */;
}
